
Microsoft Visual Studio Solution File, Format Version 12.00
# Visual Studio Version 17
VisualStudioVersion = 17.14.36109.1 d17.14
MinimumVisualStudioVersion = 10.0.40219.1
Project("{FAE04EC0-301F-11D3-BF4B-00C04F79EFBC}") = "BookingApp.Presentation", "BookingApp.Presentation\BookingApp.Presentation.csproj", "{216ED51A-1A7B-4465-90BA-DD1E2DC78943}"
EndProject
Project("{FAE04EC0-301F-11D3-BF4B-00C04F79EFBC}") = "Data", "Data\Data.csproj", "{6FFADD95-2A00-42FE-84A2-940A3238504E}"
EndProject
Project("{FAE04EC0-301F-11D3-BF4B-00C04F79EFBC}") = "Business", "Business\Business.csproj", "{8879C72E-ABBD-46A9-8D58-42045EDF8C05}"
EndProject
Global
	GlobalSection(SolutionConfigurationPlatforms) = preSolution
		Debug|Any CPU = Debug|Any CPU
		Release|Any CPU = Release|Any CPU
	EndGlobalSection
	GlobalSection(ProjectConfigurationPlatforms) = postSolution
		{216ED51A-1A7B-4465-90BA-DD1E2DC78943}.Debug|Any CPU.ActiveCfg = Debug|Any CPU
		{216ED51A-1A7B-4465-90BA-DD1E2DC78943}.Debug|Any CPU.Build.0 = Debug|Any CPU
		{216ED51A-1A7B-4465-90BA-DD1E2DC78943}.Release|Any CPU.ActiveCfg = Release|Any CPU
		{216ED51A-1A7B-4465-90BA-DD1E2DC78943}.Release|Any CPU.Build.0 = Release|Any CPU
		{6FFADD95-2A00-42FE-84A2-940A3238504E}.Debug|Any CPU.ActiveCfg = Debug|Any CPU
		{6FFADD95-2A00-42FE-84A2-940A3238504E}.Debug|Any CPU.Build.0 = Debug|Any CPU
		{6FFADD95-2A00-42FE-84A2-940A3238504E}.Release|Any CPU.ActiveCfg = Release|Any CPU
		{6FFADD95-2A00-42FE-84A2-940A3238504E}.Release|Any CPU.Build.0 = Release|Any CPU
		{8879C72E-ABBD-46A9-8D58-42045EDF8C05}.Debug|Any CPU.ActiveCfg = Debug|Any CPU
		{8879C72E-ABBD-46A9-8D58-42045EDF8C05}.Debug|Any CPU.Build.0 = Debug|Any CPU
		{8879C72E-ABBD-46A9-8D58-42045EDF8C05}.Release|Any CPU.ActiveCfg = Release|Any CPU
		{8879C72E-ABBD-46A9-8D58-42045EDF8C05}.Release|Any CPU.Build.0 = Release|Any CPU
	EndGlobalSection
	GlobalSection(SolutionProperties) = preSolution
		HideSolutionNode = FALSE
	EndGlobalSection
	GlobalSection(ExtensibilityGlobals) = postSolution
		SolutionGuid = {10EC61EB-2FD5-4D3B-8CBB-E155FE3FA14D}
	EndGlobalSection
EndGlobal
